
Microsoft Visual Studio Solution File, Format Version 12.00
# Visual Studio Version 17
VisualStudioVersion = 17.13.35931.197
MinimumVisualStudioVersion = 10.0.40219.1
Project("{FAE04EC0-301F-11D3-BF4B-00C04F79EFBC}") = "GestaoDeEquipamentos.ConsoleApp", "GestaoDeEquipamentos.ConsoleApp\GestaoDeEquipamentos.ConsoleApp.csproj", "{8DA215E7-8ECE-4805-8BFA-1A2514471318}"
EndProject
Project("{2150E333-8FDC-42A3-9474-1A3956D46DE8}") = "1. Apresentação", "1. Apresentação", "{02EA681E-C7D8-13C7-8484-4AC65E1B71E8}"
EndProject
Project("{2150E333-8FDC-42A3-9474-1A3956D46DE8}") = "2. Domínio", "2. Domínio", "{0487F258-CECB-4333-8D10-340B34F70716}"
EndProject
Project("{2150E333-8FDC-42A3-9474-1A3956D46DE8}") = "3. Infraestrutura", "3. Infraestrutura", "{BFCE2284-E179-48B8-BAB9-D40FC159FB0D}"
EndProject
Project("{FAE04EC0-301F-11D3-BF4B-00C04F79EFBC}") = "GestaoDeEquipamentos.Dominio", "GestaoDeEquipamentos.Dominio\GestaoDeEquipamentos.Dominio.csproj", "{10036E53-7C4F-4E73-861A-C307B049F97A}"
EndProject
Project("{FAE04EC0-301F-11D3-BF4B-00C04F79EFBC}") = "GestaoDeEquipamentos.Infraestrutura.Memoria", "GestaoDeEquipamentos.Infraestrutura\GestaoDeEquipamentos.Infraestrutura.Memoria.csproj", "{1356226A-FD2F-4321-B742-C9637E581F73}"
EndProject
Project("{FAE04EC0-301F-11D3-BF4B-00C04F79EFBC}") = "GestaoDeEquipamentos.Infraestrutura.Arquivos", "GestaoDeEquipamentos.Infraestrutura.Arquivos\GestaoDeEquipamentos.Infraestrutura.Arquivos.csproj", "{5DD29578-7C16-4461-A474-8FE2C81D9D93}"
EndProject
Project("{FAE04EC0-301F-11D3-BF4B-00C04F79EFBC}") = "GestaoDeEquipamentos.WebApp", "GestaoDeEquipamentos.WebApp\GestaoDeEquipamentos.WebApp.csproj", "{01953FF9-3B86-46FB-89E9-7CA6EC2A0700}"
EndProject
Global
	GlobalSection(SolutionConfigurationPlatforms) = preSolution
		Debug|Any CPU = Debug|Any CPU
		Release|Any CPU = Release|Any CPU
	EndGlobalSection
	GlobalSection(ProjectConfigurationPlatforms) = postSolution
		{8DA215E7-8ECE-4805-8BFA-1A2514471318}.Debug|Any CPU.ActiveCfg = Debug|Any CPU
		{8DA215E7-8ECE-4805-8BFA-1A2514471318}.Debug|Any CPU.Build.0 = Debug|Any CPU
		{8DA215E7-8ECE-4805-8BFA-1A2514471318}.Release|Any CPU.ActiveCfg = Release|Any CPU
		{8DA215E7-8ECE-4805-8BFA-1A2514471318}.Release|Any CPU.Build.0 = Release|Any CPU
		{10036E53-7C4F-4E73-861A-C307B049F97A}.Debug|Any CPU.ActiveCfg = Debug|Any CPU
		{10036E53-7C4F-4E73-861A-C307B049F97A}.Debug|Any CPU.Build.0 = Debug|Any CPU
		{10036E53-7C4F-4E73-861A-C307B049F97A}.Release|Any CPU.ActiveCfg = Release|Any CPU
		{10036E53-7C4F-4E73-861A-C307B049F97A}.Release|Any CPU.Build.0 = Release|Any CPU
		{1356226A-FD2F-4321-B742-C9637E581F73}.Debug|Any CPU.ActiveCfg = Debug|Any CPU
		{1356226A-FD2F-4321-B742-C9637E581F73}.Debug|Any CPU.Build.0 = Debug|Any CPU
		{1356226A-FD2F-4321-B742-C9637E581F73}.Release|Any CPU.ActiveCfg = Release|Any CPU
		{1356226A-FD2F-4321-B742-C9637E581F73}.Release|Any CPU.Build.0 = Release|Any CPU
		{5DD29578-7C16-4461-A474-8FE2C81D9D93}.Debug|Any CPU.ActiveCfg = Debug|Any CPU
		{5DD29578-7C16-4461-A474-8FE2C81D9D93}.Debug|Any CPU.Build.0 = Debug|Any CPU
		{5DD29578-7C16-4461-A474-8FE2C81D9D93}.Release|Any CPU.ActiveCfg = Release|Any CPU
		{5DD29578-7C16-4461-A474-8FE2C81D9D93}.Release|Any CPU.Build.0 = Release|Any CPU
		{01953FF9-3B86-46FB-89E9-7CA6EC2A0700}.Debug|Any CPU.ActiveCfg = Debug|Any CPU
		{01953FF9-3B86-46FB-89E9-7CA6EC2A0700}.Debug|Any CPU.Build.0 = Debug|Any CPU
		{01953FF9-3B86-46FB-89E9-7CA6EC2A0700}.Release|Any CPU.ActiveCfg = Release|Any CPU
		{01953FF9-3B86-46FB-89E9-7CA6EC2A0700}.Release|Any CPU.Build.0 = Release|Any CPU
	EndGlobalSection
	GlobalSection(SolutionProperties) = preSolution
		HideSolutionNode = FALSE
	EndGlobalSection
	GlobalSection(NestedProjects) = preSolution
		{8DA215E7-8ECE-4805-8BFA-1A2514471318} = {02EA681E-C7D8-13C7-8484-4AC65E1B71E8}
		{10036E53-7C4F-4E73-861A-C307B049F97A} = {0487F258-CECB-4333-8D10-340B34F70716}
		{1356226A-FD2F-4321-B742-C9637E581F73} = {BFCE2284-E179-48B8-BAB9-D40FC159FB0D}
		{5DD29578-7C16-4461-A474-8FE2C81D9D93} = {BFCE2284-E179-48B8-BAB9-D40FC159FB0D}
		{01953FF9-3B86-46FB-89E9-7CA6EC2A0700} = {02EA681E-C7D8-13C7-8484-4AC65E1B71E8}
	EndGlobalSection
	GlobalSection(ExtensibilityGlobals) = postSolution
		SolutionGuid = {3C230CED-B6E8-4B6D-9675-0479DFD17613}
	EndGlobalSection
EndGlobal
